
Microsoft Visual Studio Solution File, Format Version 12.00
# Visual Studio Version 16
VisualStudioVersion = 16.0.30503.244
MinimumVisualStudioVersion = 10.0.40219.1
Project("{2150E333-8FDC-42A3-9474-1A3956D46DE8}") = "Backend", "Backend", "{A300AB4A-DCCF-4769-8836-5BA3F5F3E405}"
EndProject
Project("{2150E333-8FDC-42A3-9474-1A3956D46DE8}") = "Frotend", "Frotend", "{A60755CB-3FC5-40E9-8E7F-D57F1CB22DE9}"
EndProject
Project("{2150E333-8FDC-42A3-9474-1A3956D46DE8}") = "src", "src", "{F77F83B3-D49F-4F51-882F-6D569D1F2C86}"
EndProject
Project("{2150E333-8FDC-42A3-9474-1A3956D46DE8}") = "1-Services", "1-Services", "{AB04B3FD-34A7-4B99-A89F-E433F55AE983}"
EndProject
Project("{2150E333-8FDC-42A3-9474-1A3956D46DE8}") = "2-Applications", "2-Applications", "{0A3AFAA9-C60E-4224-832D-89DA61B73F65}"
EndProject
Project("{2150E333-8FDC-42A3-9474-1A3956D46DE8}") = "3-Domains", "3-Domains", "{659D8FDA-4570-4F42-882D-304E422666BF}"
EndProject
Project("{2150E333-8FDC-42A3-9474-1A3956D46DE8}") = "4+Infrastrutrures", "4+Infrastrutrures", "{72BDD1AD-435C-4112-9E2E-DD7CEE46924E}"
EndProject
Project("{2150E333-8FDC-42A3-9474-1A3956D46DE8}") = "0-Presentations", "0-Presentations", "{95811F3B-6193-499F-B275-582BA58EFC5F}"
EndProject
Project("{FAE04EC0-301F-11D3-BF4B-00C04F79EFBC}") = "Domain.Core", "src\Domain.Core\Domain.Core.csproj", "{AAAFDFCE-9D82-40EE-B582-FC7EDEECEA22}"
EndProject
Project("{FAE04EC0-301F-11D3-BF4B-00C04F79EFBC}") = "Domain", "src\Domain\Domain.csproj", "{3FD3A193-D7E3-4761-9CA7-8B62DBA25620}"
EndProject
Global
	GlobalSection(SolutionConfigurationPlatforms) = preSolution
		Debug|Any CPU = Debug|Any CPU
		Release|Any CPU = Release|Any CPU
	EndGlobalSection
	GlobalSection(ProjectConfigurationPlatforms) = postSolution
		{AAAFDFCE-9D82-40EE-B582-FC7EDEECEA22}.Debug|Any CPU.ActiveCfg = Debug|Any CPU
		{AAAFDFCE-9D82-40EE-B582-FC7EDEECEA22}.Debug|Any CPU.Build.0 = Debug|Any CPU
		{AAAFDFCE-9D82-40EE-B582-FC7EDEECEA22}.Release|Any CPU.ActiveCfg = Release|Any CPU
		{AAAFDFCE-9D82-40EE-B582-FC7EDEECEA22}.Release|Any CPU.Build.0 = Release|Any CPU
		{3FD3A193-D7E3-4761-9CA7-8B62DBA25620}.Debug|Any CPU.ActiveCfg = Debug|Any CPU
		{3FD3A193-D7E3-4761-9CA7-8B62DBA25620}.Debug|Any CPU.Build.0 = Debug|Any CPU
		{3FD3A193-D7E3-4761-9CA7-8B62DBA25620}.Release|Any CPU.ActiveCfg = Release|Any CPU
		{3FD3A193-D7E3-4761-9CA7-8B62DBA25620}.Release|Any CPU.Build.0 = Release|Any CPU
	EndGlobalSection
	GlobalSection(SolutionProperties) = preSolution
		HideSolutionNode = FALSE
	EndGlobalSection
	GlobalSection(NestedProjects) = preSolution
		{A300AB4A-DCCF-4769-8836-5BA3F5F3E405} = {F77F83B3-D49F-4F51-882F-6D569D1F2C86}
		{A60755CB-3FC5-40E9-8E7F-D57F1CB22DE9} = {F77F83B3-D49F-4F51-882F-6D569D1F2C86}
		{AB04B3FD-34A7-4B99-A89F-E433F55AE983} = {A300AB4A-DCCF-4769-8836-5BA3F5F3E405}
		{0A3AFAA9-C60E-4224-832D-89DA61B73F65} = {A300AB4A-DCCF-4769-8836-5BA3F5F3E405}
		{659D8FDA-4570-4F42-882D-304E422666BF} = {A300AB4A-DCCF-4769-8836-5BA3F5F3E405}
		{72BDD1AD-435C-4112-9E2E-DD7CEE46924E} = {A300AB4A-DCCF-4769-8836-5BA3F5F3E405}
		{95811F3B-6193-499F-B275-582BA58EFC5F} = {A60755CB-3FC5-40E9-8E7F-D57F1CB22DE9}
		{AAAFDFCE-9D82-40EE-B582-FC7EDEECEA22} = {659D8FDA-4570-4F42-882D-304E422666BF}
		{3FD3A193-D7E3-4761-9CA7-8B62DBA25620} = {659D8FDA-4570-4F42-882D-304E422666BF}
	EndGlobalSection
	GlobalSection(ExtensibilityGlobals) = postSolution
		SolutionGuid = {2196C213-AE15-4467-AFB9-5D1773AA01D4}
	EndGlobalSection
EndGlobal
